{
  "name": "shakesearch",
  "lockfileVersion": 2,
  "requires": true,
  "packages": {
    "": {
      "dependencies": {
        "@orama/orama": "^1.0.0-beta.16"
      }
    },
    "node_modules/@orama/orama": {
      "version": "1.0.0-beta.16",
      "resolved": "https://registry.npmjs.org/@orama/orama/-/orama-1.0.0-beta.16.tgz",
      "integrity": "sha512-mmjP9+w7EgnpyLLs/vIPHsNKwreTsHAkPK44JQ62kRYseatHT5VEL/5nr/duBAReEZVbqMFst1jVJCHsucXr3g==",
      "engines": {
        "node": ">= 16.0.0"
      }
    }
  },
  "dependencies": {
    "@orama/orama": {
      "version": "1.0.0-beta.16",
      "resolved": "https://registry.npmjs.org/@orama/orama/-/orama-1.0.0-beta.16.tgz",
      "integrity": "sha512-mmjP9+w7EgnpyLLs/vIPHsNKwreTsHAkPK44JQ62kRYseatHT5VEL/5nr/duBAReEZVbqMFst1jVJCHsucXr3g=="
    }
  }
}
